
Microsoft Visual Studio Solution File, Format Version 12.00
# Visual Studio Version 16
VisualStudioVersion = 16.0.29728.190
MinimumVisualStudioVersion = 10.0.40219.1
Project("{FAE04EC0-301F-11D3-BF4B-00C04F79EFBC}") = "PixelRace 0.2", "PixelRace 0.2\PixelRace 0.2.csproj", "{8BA87D2F-4A34-4DDF-A8A9-A515D86011AA}"
EndProject
Global
	GlobalSection(SolutionConfigurationPlatforms) = preSolution
		Debug|Any CPU = Debug|Any CPU
		Release|Any CPU = Release|Any CPU
	EndGlobalSection
	GlobalSection(ProjectConfigurationPlatforms) = postSolution
		{8BA87D2F-4A34-4DDF-A8A9-A515D86011AA}.Debug|Any CPU.ActiveCfg = Debug|Any CPU
		{8BA87D2F-4A34-4DDF-A8A9-A515D86011AA}.Debug|Any CPU.Build.0 = Debug|Any CPU
		{8BA87D2F-4A34-4DDF-A8A9-A515D86011AA}.Release|Any CPU.ActiveCfg = Release|Any CPU
		{8BA87D2F-4A34-4DDF-A8A9-A515D86011AA}.Release|Any CPU.Build.0 = Release|Any CPU
	EndGlobalSection
	GlobalSection(SolutionProperties) = preSolution
		HideSolutionNode = FALSE
	EndGlobalSection
	GlobalSection(ExtensibilityGlobals) = postSolution
		SolutionGuid = {A035B854-7D8A-4404-997B-E28FE6B8B875}
	EndGlobalSection
EndGlobal
